
Microsoft Visual Studio Solution File, Format Version 12.00
# Visual Studio Version 16
VisualStudioVersion = 16.0.30413.136
MinimumVisualStudioVersion = 10.0.40219.1
Project("{FAE04EC0-301F-11D3-BF4B-00C04F79EFBC}") = "H_DashBoardMES", "MESProject\H_DashBoardMES.csproj", "{DAAB2F58-815D-4A53-8B8F-A49EA93E6F2C}"
EndProject
Global
	GlobalSection(SolutionConfigurationPlatforms) = preSolution
		Debug|Any CPU = Debug|Any CPU
		Release|Any CPU = Release|Any CPU
	EndGlobalSection
	GlobalSection(ProjectConfigurationPlatforms) = postSolution
		{DAAB2F58-815D-4A53-8B8F-A49EA93E6F2C}.Debug|Any CPU.ActiveCfg = Debug|Any CPU
		{DAAB2F58-815D-4A53-8B8F-A49EA93E6F2C}.Debug|Any CPU.Build.0 = Debug|Any CPU
		{DAAB2F58-815D-4A53-8B8F-A49EA93E6F2C}.Release|Any CPU.ActiveCfg = Release|Any CPU
		{DAAB2F58-815D-4A53-8B8F-A49EA93E6F2C}.Release|Any CPU.Build.0 = Release|Any CPU
	EndGlobalSection
	GlobalSection(SolutionProperties) = preSolution
		HideSolutionNode = FALSE
	EndGlobalSection
	GlobalSection(ExtensibilityGlobals) = postSolution
		SolutionGuid = {CBAB0E98-714D-498A-9B68-24E3F78AF589}
	EndGlobalSection
EndGlobal
